// !$*UTF8*$!
{
	archiveVersion = 1;
	classes = {
	};
	objectVersion = 55;
	objects = {

/* Begin PBXBuildFile section */
		571F109428EFE16B00C3387E /* UIColor+utils.swift in Sources */ = {isa = PBXBuildFile; fileRef = 571F109328EFE16B00C3387E /* UIColor+utils.swift */; };
		57B64DA828ECC32A0061A9B0 /* AppDelegate.swift in Sources */ = {isa = PBXBuildFile; fileRef = 57B64DA728ECC32A0061A9B0 /* AppDelegate.swift */; };
		57B64DAA28ECC32A0061A9B0 /* SceneDelegate.swift in Sources */ = {isa = PBXBuildFile; fileRef = 57B64DA928ECC32A0061A9B0 /* SceneDelegate.swift */; };
		57B64DB128ECC32D0061A9B0 /* Assets.xcassets in Resources */ = {isa = PBXBuildFile; fileRef = 57B64DB028ECC32D0061A9B0 /* Assets.xcassets */; };
		57B64DB428ECC32D0061A9B0 /* LaunchScreen.storyboard in Resources */ = {isa = PBXBuildFile; fileRef = 57B64DB228ECC32D0061A9B0 /* LaunchScreen.storyboard */; };
		57B64DC128ECD2FC0061A9B0 /* IntroViewController.swift in Sources */ = {isa = PBXBuildFile; fileRef = 57B64DC028ECD2FC0061A9B0 /* IntroViewController.swift */; };
		57FD748E290B2161007DEBBD /* IntroView.swift in Sources */ = {isa = PBXBuildFile; fileRef = 57FD748D290B2161007DEBBD /* IntroView.swift */; };
		57FD7493290B32CD007DEBBD /* NewBillView.swift in Sources */ = {isa = PBXBuildFile; fileRef = 57FD7492290B32CD007DEBBD /* NewBillView.swift */; };
		57FD7495290B32E3007DEBBD /* NewBillViewController.swift in Sources */ = {isa = PBXBuildFile; fileRef = 57FD7494290B32E3007DEBBD /* NewBillViewController.swift */; };
		57FD74AA290B3694007DEBBD /* Roboto-Medium.ttf in Resources */ = {isa = PBXBuildFile; fileRef = 57FD7498290B3694007DEBBD /* Roboto-Medium.ttf */; };
		57FD74AB290B3694007DEBBD /* Roboto-Light.ttf in Resources */ = {isa = PBXBuildFile; fileRef = 57FD7499290B3694007DEBBD /* Roboto-Light.ttf */; };
		57FD74AC290B3694007DEBBD /* Roboto-Regular.ttf in Resources */ = {isa = PBXBuildFile; fileRef = 57FD749A290B3694007DEBBD /* Roboto-Regular.ttf */; };
		57FD74AD290B3694007DEBBD /* Roboto-MediumItalic.ttf in Resources */ = {isa = PBXBuildFile; fileRef = 57FD749B290B3694007DEBBD /* Roboto-MediumItalic.ttf */; };
		57FD74AE290B3694007DEBBD /* Roboto-BoldCondensed.ttf in Resources */ = {isa = PBXBuildFile; fileRef = 57FD749C290B3694007DEBBD /* Roboto-BoldCondensed.ttf */; };
		57FD74AF290B3694007DEBBD /* Roboto-BoldCondensedItalic.ttf in Resources */ = {isa = PBXBuildFile; fileRef = 57FD749D290B3694007DEBBD /* Roboto-BoldCondensedItalic.ttf */; };
		57FD74B0290B3694007DEBBD /* Roboto-Condensed.ttf in Resources */ = {isa = PBXBuildFile; fileRef = 57FD749E290B3694007DEBBD /* Roboto-Condensed.ttf */; };
		57FD74B1290B3694007DEBBD /* Roboto_Specimen_Book.pdf in Resources */ = {isa = PBXBuildFile; fileRef = 57FD749F290B3694007DEBBD /* Roboto_Specimen_Book.pdf */; };
		57FD74B3290B3694007DEBBD /* Roboto-ThinItalic.ttf in Resources */ = {isa = PBXBuildFile; fileRef = 57FD74A1290B3694007DEBBD /* Roboto-ThinItalic.ttf */; };
		57FD74B4290B3694007DEBBD /* Roboto-BoldItalic.ttf in Resources */ = {isa = PBXBuildFile; fileRef = 57FD74A2290B3694007DEBBD /* Roboto-BoldItalic.ttf */; };
		57FD74B5290B3694007DEBBD /* Roboto-LightItalic.ttf in Resources */ = {isa = PBXBuildFile; fileRef = 57FD74A3290B3694007DEBBD /* Roboto-LightItalic.ttf */; };
		57FD74B6290B3694007DEBBD /* Roboto-CondensedItalic.ttf in Resources */ = {isa = PBXBuildFile; fileRef = 57FD74A4290B3694007DEBBD /* Roboto-CondensedItalic.ttf */; };
		57FD74B7290B3694007DEBBD /* Roboto-Italic.ttf in Resources */ = {isa = PBXBuildFile; fileRef = 57FD74A5290B3694007DEBBD /* Roboto-Italic.ttf */; };
		57FD74B8290B3694007DEBBD /* Roboto-BlackItalic.ttf in Resources */ = {isa = PBXBuildFile; fileRef = 57FD74A6290B3694007DEBBD /* Roboto-BlackItalic.ttf */; };
		57FD74B9290B3694007DEBBD /* Roboto-Bold.ttf in Resources */ = {isa = PBXBuildFile; fileRef = 57FD74A7290B3694007DEBBD /* Roboto-Bold.ttf */; };
		57FD74BA290B3694007DEBBD /* Roboto-Thin.ttf in Resources */ = {isa = PBXBuildFile; fileRef = 57FD74A8290B3694007DEBBD /* Roboto-Thin.ttf */; };
		57FD74BB290B3694007DEBBD /* Roboto-Black.ttf in Resources */ = {isa = PBXBuildFile; fileRef = 57FD74A9290B3694007DEBBD /* Roboto-Black.ttf */; };
		57FD74BD290C7C09007DEBBD /* MagazineLetter-Regular.ttf in Resources */ = {isa = PBXBuildFile; fileRef = 57FD74BC290C734B007DEBBD /* MagazineLetter-Regular.ttf */; };
/* End PBXBuildFile section */

/* Begin PBXFileReference section */
		571F109328EFE16B00C3387E /* UIColor+utils.swift */ = {isa = PBXFileReference; lastKnownFileType = sourcecode.swift; path = "UIColor+utils.swift"; sourceTree = "<group>"; };
		57B64DA428ECC32A0061A9B0 /* Desafio ViewCode.app */ = {isa = PBXFileReference; explicitFileType = wrapper.application; includeInIndex = 0; path = "Desafio ViewCode.app"; sourceTree = BUILT_PRODUCTS_DIR; };
		57B64DA728ECC32A0061A9B0 /* AppDelegate.swift */ = {isa = PBXFileReference; lastKnownFileType = sourcecode.swift; path = AppDelegate.swift; sourceTree = "<group>"; };
		57B64DA928ECC32A0061A9B0 /* SceneDelegate.swift */ = {isa = PBXFileReference; lastKnownFileType = sourcecode.swift; path = SceneDelegate.swift; sourceTree = "<group>"; };
		57B64DB028ECC32D0061A9B0 /* Assets.xcassets */ = {isa = PBXFileReference; lastKnownFileType = folder.assetcatalog; path = Assets.xcassets; sourceTree = "<group>"; };
		57B64DB328ECC32D0061A9B0 /* Base */ = {isa = PBXFileReference; lastKnownFileType = file.storyboard; name = Base; path = Base.lproj/LaunchScreen.storyboard; sourceTree = "<group>"; };
		57B64DB528ECC32D0061A9B0 /* Info.plist */ = {isa = PBXFileReference; lastKnownFileType = text.plist.xml; path = Info.plist; sourceTree = "<group>"; };
		57B64DC028ECD2FC0061A9B0 /* IntroViewController.swift */ = {isa = PBXFileReference; lastKnownFileType = sourcecode.swift; path = IntroViewController.swift; sourceTree = "<group>"; };
		57FD748D290B2161007DEBBD /* IntroView.swift */ = {isa = PBXFileReference; lastKnownFileType = sourcecode.swift; path = IntroView.swift; sourceTree = "<group>"; };
		57FD7492290B32CD007DEBBD /* NewBillView.swift */ = {isa = PBXFileReference; lastKnownFileType = sourcecode.swift; path = NewBillView.swift; sourceTree = "<group>"; };
		57FD7494290B32E3007DEBBD /* NewBillViewController.swift */ = {isa = PBXFileReference; lastKnownFileType = sourcecode.swift; path = NewBillViewController.swift; sourceTree = "<group>"; };
		57FD7498290B3694007DEBBD /* Roboto-Medium.ttf */ = {isa = PBXFileReference; lastKnownFileType = file; path = "Roboto-Medium.ttf"; sourceTree = "<group>"; };
		57FD7499290B3694007DEBBD /* Roboto-Light.ttf */ = {isa = PBXFileReference; lastKnownFileType = file; path = "Roboto-Light.ttf"; sourceTree = "<group>"; };
		57FD749A290B3694007DEBBD /* Roboto-Regular.ttf */ = {isa = PBXFileReference; lastKnownFileType = file; path = "Roboto-Regular.ttf"; sourceTree = "<group>"; };
		57FD749B290B3694007DEBBD /* Roboto-MediumItalic.ttf */ = {isa = PBXFileReference; lastKnownFileType = file; path = "Roboto-MediumItalic.ttf"; sourceTree = "<group>"; };
		57FD749C290B3694007DEBBD /* Roboto-BoldCondensed.ttf */ = {isa = PBXFileReference; lastKnownFileType = file; path = "Roboto-BoldCondensed.ttf"; sourceTree = "<group>"; };
		57FD749D290B3694007DEBBD /* Roboto-BoldCondensedItalic.ttf */ = {isa = PBXFileReference; lastKnownFileType = file; path = "Roboto-BoldCondensedItalic.ttf"; sourceTree = "<group>"; };
		57FD749E290B3694007DEBBD /* Roboto-Condensed.ttf */ = {isa = PBXFileReference; lastKnownFileType = file; path = "Roboto-Condensed.ttf"; sourceTree = "<group>"; };
		57FD749F290B3694007DEBBD /* Roboto_Specimen_Book.pdf */ = {isa = PBXFileReference; lastKnownFileType = image.pdf; path = Roboto_Specimen_Book.pdf; sourceTree = "<group>"; };
		57FD74A1290B3694007DEBBD /* Roboto-ThinItalic.ttf */ = {isa = PBXFileReference; lastKnownFileType = file; path = "Roboto-ThinItalic.ttf"; sourceTree = "<group>"; };
		57FD74A2290B3694007DEBBD /* Roboto-BoldItalic.ttf */ = {isa = PBXFileReference; lastKnownFileType = file; path = "Roboto-BoldItalic.ttf"; sourceTree = "<group>"; };
		57FD74A3290B3694007DEBBD /* Roboto-LightItalic.ttf */ = {isa = PBXFileReference; lastKnownFileType = file; path = "Roboto-LightItalic.ttf"; sourceTree = "<group>"; };
		57FD74A4290B3694007DEBBD /* Roboto-CondensedItalic.ttf */ = {isa = PBXFileReference; lastKnownFileType = file; path = "Roboto-CondensedItalic.ttf"; sourceTree = "<group>"; };
		57FD74A5290B3694007DEBBD /* Roboto-Italic.ttf */ = {isa = PBXFileReference; lastKnownFileType = file; path = "Roboto-Italic.ttf"; sourceTree = "<group>"; };
		57FD74A6290B3694007DEBBD /* Roboto-BlackItalic.ttf */ = {isa = PBXFileReference; lastKnownFileType = file; path = "Roboto-BlackItalic.ttf"; sourceTree = "<group>"; };
		57FD74A7290B3694007DEBBD /* Roboto-Bold.ttf */ = {isa = PBXFileReference; lastKnownFileType = file; path = "Roboto-Bold.ttf"; sourceTree = "<group>"; };
		57FD74A8290B3694007DEBBD /* Roboto-Thin.ttf */ = {isa = PBXFileReference; lastKnownFileType = file; path = "Roboto-Thin.ttf"; sourceTree = "<group>"; };
		57FD74A9290B3694007DEBBD /* Roboto-Black.ttf */ = {isa = PBXFileReference; lastKnownFileType = file; path = "Roboto-Black.ttf"; sourceTree = "<group>"; };
		57FD74BC290C734B007DEBBD /* MagazineLetter-Regular.ttf */ = {isa = PBXFileReference; lastKnownFileType = file; path = "MagazineLetter-Regular.ttf"; sourceTree = "<group>"; };
/* End PBXFileReference section */

/* Begin PBXFrameworksBuildPhase section */
		57B64DA128ECC32A0061A9B0 /* Frameworks */ = {
			isa = PBXFrameworksBuildPhase;
			buildActionMask = 2147483647;
			files = (
			);
			runOnlyForDeploymentPostprocessing = 0;
		};
/* End PBXFrameworksBuildPhase section */

/* Begin PBXGroup section */
		571F109228EFE15700C3387E /* Utils */ = {
			isa = PBXGroup;
			children = (
				57FD7496290B367D007DEBBD /* Custom Fonts */,
				571F109328EFE16B00C3387E /* UIColor+utils.swift */,
			);
			path = Utils;
			sourceTree = "<group>";
		};
		57B64D9B28ECC32A0061A9B0 = {
			isa = PBXGroup;
			children = (
				57B64DA628ECC32A0061A9B0 /* Desafio ViewCode */,
				57B64DA528ECC32A0061A9B0 /* Products */,
			);
			sourceTree = "<group>";
		};
		57B64DA528ECC32A0061A9B0 /* Products */ = {
			isa = PBXGroup;
			children = (
				57B64DA428ECC32A0061A9B0 /* Desafio ViewCode.app */,
			);
			name = Products;
			sourceTree = "<group>";
		};
		57B64DA628ECC32A0061A9B0 /* Desafio ViewCode */ = {
			isa = PBXGroup;
			children = (
				57B64DBC28ECD2250061A9B0 /* Resources */,
				57B64DBB28ECD2170061A9B0 /* Application */,
				57B64DBD28ECD22C0061A9B0 /* Sources */,
				57B64DB528ECC32D0061A9B0 /* Info.plist */,
			);
			path = "Desafio ViewCode";
			sourceTree = "<group>";
		};
		57B64DBB28ECD2170061A9B0 /* Application */ = {
			isa = PBXGroup;
			children = (
				57B64DA728ECC32A0061A9B0 /* AppDelegate.swift */,
				57B64DA928ECC32A0061A9B0 /* SceneDelegate.swift */,
				57B64DB228ECC32D0061A9B0 /* LaunchScreen.storyboard */,
			);
			path = Application;
			sourceTree = "<group>";
		};
		57B64DBC28ECD2250061A9B0 /* Resources */ = {
			isa = PBXGroup;
			children = (
				57B64DB028ECC32D0061A9B0 /* Assets.xcassets */,
			);
			path = Resources;
			sourceTree = "<group>";
		};
		57B64DBD28ECD22C0061A9B0 /* Sources */ = {
			isa = PBXGroup;
			children = (
				57FD748F290B32A6007DEBBD /* NewBillViewController */,
				571F109228EFE15700C3387E /* Utils */,
				57B64DBE28ECD2A50061A9B0 /* Intro */,
			);
			path = Sources;
			sourceTree = "<group>";
		};
		57B64DBE28ECD2A50061A9B0 /* Intro */ = {
			isa = PBXGroup;
			children = (
				57B64DBF28ECD2AB0061A9B0 /* View */,
				57B64DC028ECD2FC0061A9B0 /* IntroViewController.swift */,
			);
			path = Intro;
			sourceTree = "<group>";
		};
		57B64DBF28ECD2AB0061A9B0 /* View */ = {
			isa = PBXGroup;
			children = (
				57FD748D290B2161007DEBBD /* IntroView.swift */,
			);
			path = View;
			sourceTree = "<group>";
		};
		57FD748F290B32A6007DEBBD /* NewBillViewController */ = {
			isa = PBXGroup;
			children = (
				57FD7491290B32BF007DEBBD /* View */,
				57FD7490290B32B9007DEBBD /* Controller */,
			);
			path = NewBillViewController;
			sourceTree = "<group>";
		};
		57FD7490290B32B9007DEBBD /* Controller */ = {
			isa = PBXGroup;
			children = (
				57FD7494290B32E3007DEBBD /* NewBillViewController.swift */,
			);
			path = Controller;
			sourceTree = "<group>";
		};
		57FD7491290B32BF007DEBBD /* View */ = {
			isa = PBXGroup;
			children = (
				57FD7492290B32CD007DEBBD /* NewBillView.swift */,
			);
			path = View;
			sourceTree = "<group>";
		};
		57FD7496290B367D007DEBBD /* Custom Fonts */ = {
			isa = PBXGroup;
			children = (
				57FD7497290B3694007DEBBD /* roboto */,
			);
			path = "Custom Fonts";
			sourceTree = "<group>";
		};
		57FD7497290B3694007DEBBD /* roboto */ = {
			isa = PBXGroup;
			children = (
				57FD74BC290C734B007DEBBD /* MagazineLetter-Regular.ttf */,
				57FD7498290B3694007DEBBD /* Roboto-Medium.ttf */,
				57FD7499290B3694007DEBBD /* Roboto-Light.ttf */,
				57FD749A290B3694007DEBBD /* Roboto-Regular.ttf */,
				57FD749B290B3694007DEBBD /* Roboto-MediumItalic.ttf */,
				57FD749C290B3694007DEBBD /* Roboto-BoldCondensed.ttf */,
				57FD749D290B3694007DEBBD /* Roboto-BoldCondensedItalic.ttf */,
				57FD749E290B3694007DEBBD /* Roboto-Condensed.ttf */,
				57FD749F290B3694007DEBBD /* Roboto_Specimen_Book.pdf */,
				57FD74A1290B3694007DEBBD /* Roboto-ThinItalic.ttf */,
				57FD74A2290B3694007DEBBD /* Roboto-BoldItalic.ttf */,
				57FD74A3290B3694007DEBBD /* Roboto-LightItalic.ttf */,
				57FD74A4290B3694007DEBBD /* Roboto-CondensedItalic.ttf */,
				57FD74A5290B3694007DEBBD /* Roboto-Italic.ttf */,
				57FD74A6290B3694007DEBBD /* Roboto-BlackItalic.ttf */,
				57FD74A7290B3694007DEBBD /* Roboto-Bold.ttf */,
				57FD74A8290B3694007DEBBD /* Roboto-Thin.ttf */,
				57FD74A9290B3694007DEBBD /* Roboto-Black.ttf */,
			);
			path = roboto;
			sourceTree = "<group>";
		};
/* End PBXGroup section */

/* Begin PBXNativeTarget section */
		57B64DA328ECC32A0061A9B0 /* Desafio ViewCode */ = {
			isa = PBXNativeTarget;
			buildConfigurationList = 57B64DB828ECC32D0061A9B0 /* Build configuration list for PBXNativeTarget "Desafio ViewCode" */;
			buildPhases = (
				57B64DA028ECC32A0061A9B0 /* Sources */,
				57B64DA128ECC32A0061A9B0 /* Frameworks */,
				57B64DA228ECC32A0061A9B0 /* Resources */,
			);
			buildRules = (
			);
			dependencies = (
			);
			name = "Desafio ViewCode";
			productName = "Desafio ViewCode";
			productReference = 57B64DA428ECC32A0061A9B0 /* Desafio ViewCode.app */;
			productType = "com.apple.product-type.application";
		};
/* End PBXNativeTarget section */

/* Begin PBXProject section */
		57B64D9C28ECC32A0061A9B0 /* Project object */ = {
			isa = PBXProject;
			attributes = {
				BuildIndependentTargetsInParallel = 1;
				LastSwiftUpdateCheck = 1320;
				LastUpgradeCheck = 1320;
				TargetAttributes = {
					57B64DA328ECC32A0061A9B0 = {
						CreatedOnToolsVersion = 13.2;
					};
				};
			};
			buildConfigurationList = 57B64D9F28ECC32A0061A9B0 /* Build configuration list for PBXProject "Desafio ViewCode" */;
			compatibilityVersion = "Xcode 13.0";
			developmentRegion = en;
			hasScannedForEncodings = 0;
			knownRegions = (
				en,
				Base,
			);
			mainGroup = 57B64D9B28ECC32A0061A9B0;
			productRefGroup = 57B64DA528ECC32A0061A9B0 /* Products */;
			projectDirPath = "";
			projectRoot = "";
			targets = (
				57B64DA328ECC32A0061A9B0 /* Desafio ViewCode */,
			);
		};
/* End PBXProject section */

/* Begin PBXResourcesBuildPhase section */
		57B64DA228ECC32A0061A9B0 /* Resources */ = {
			isa = PBXResourcesBuildPhase;
			buildActionMask = 2147483647;
			files = (
				57FD74B3290B3694007DEBBD /* Roboto-ThinItalic.ttf in Resources */,
				57FD74B1290B3694007DEBBD /* Roboto_Specimen_Book.pdf in Resources */,
				57FD74B8290B3694007DEBBD /* Roboto-BlackItalic.ttf in Resources */,
				57FD74B5290B3694007DEBBD /* Roboto-LightItalic.ttf in Resources */,
				57B64DB428ECC32D0061A9B0 /* LaunchScreen.storyboard in Resources */,
				57FD74BD290C7C09007DEBBD /* MagazineLetter-Regular.ttf in Resources */,
				57B64DB128ECC32D0061A9B0 /* Assets.xcassets in Resources */,
				57FD74B7290B3694007DEBBD /* Roboto-Italic.ttf in Resources */,
				57FD74BB290B3694007DEBBD /* Roboto-Black.ttf in Resources */,
				57FD74B4290B3694007DEBBD /* Roboto-BoldItalic.ttf in Resources */,
				57FD74B0290B3694007DEBBD /* Roboto-Condensed.ttf in Resources */,
				57FD74AC290B3694007DEBBD /* Roboto-Regular.ttf in Resources */,
				57FD74AE290B3694007DEBBD /* Roboto-BoldCondensed.ttf in Resources */,
				57FD74AB290B3694007DEBBD /* Roboto-Light.ttf in Resources */,
				57FD74B6290B3694007DEBBD /* Roboto-CondensedItalic.ttf in Resources */,
				57FD74AD290B3694007DEBBD /* Roboto-MediumItalic.ttf in Resources */,
				57FD74BA290B3694007DEBBD /* Roboto-Thin.ttf in Resources */,
				57FD74B9290B3694007DEBBD /* Roboto-Bold.ttf in Resources */,
				57FD74AF290B3694007DEBBD /* Roboto-BoldCondensedItalic.ttf in Resources */,
				57FD74AA290B3694007DEBBD /* Roboto-Medium.ttf in Resources */,
			);
			runOnlyForDeploymentPostprocessing = 0;
		};
/* End PBXResourcesBuildPhase section */

/* Begin PBXSourcesBuildPhase section */
		57B64DA028ECC32A0061A9B0 /* Sources */ = {
			isa = PBXSourcesBuildPhase;
			buildActionMask = 2147483647;
			files = (
				57B64DC128ECD2FC0061A9B0 /* IntroViewController.swift in Sources */,
				57B64DA828ECC32A0061A9B0 /* AppDelegate.swift in Sources */,
				57FD7495290B32E3007DEBBD /* NewBillViewController.swift in Sources */,
				57FD7493290B32CD007DEBBD /* NewBillView.swift in Sources */,
				57FD748E290B2161007DEBBD /* IntroView.swift in Sources */,
				57B64DAA28ECC32A0061A9B0 /* SceneDelegate.swift in Sources */,
				571F109428EFE16B00C3387E /* UIColor+utils.swift in Sources */,
			);
			runOnlyForDeploymentPostprocessing = 0;
		};
/* End PBXSourcesBuildPhase section */

/* Begin PBXVariantGroup section */
		57B64DB228ECC32D0061A9B0 /* LaunchScreen.storyboard */ = {
			isa = PBXVariantGroup;
			children = (
				57B64DB328ECC32D0061A9B0 /* Base */,
			);
			name = LaunchScreen.storyboard;
			sourceTree = "<group>";
		};
/* End PBXVariantGroup section */

/* Begin XCBuildConfiguration section */
		57B64DB628ECC32D0061A9B0 /* Debug */ = {
			isa = XCBuildConfiguration;
			buildSettings = {
				ALWAYS_SEARCH_USER_PATHS = NO;
				CLANG_ANALYZER_NONNULL = YES;
				CLANG_ANALYZER_NUMBER_OBJECT_CONVERSION = YES_AGGRESSIVE;
				CLANG_CXX_LANGUAGE_STANDARD = "gnu++17";
				CLANG_CXX_LIBRARY = "libc++";
				CLANG_ENABLE_MODULES = YES;
				CLANG_ENABLE_OBJC_ARC = YES;
				CLANG_ENABLE_OBJC_WEAK = YES;
				CLANG_WARN_BLOCK_CAPTURE_AUTORELEASING = YES;
				CLANG_WARN_BOOL_CONVERSION = YES;
				CLANG_WARN_COMMA = YES;
				CLANG_WARN_CONSTANT_CONVERSION = YES;
				CLANG_WARN_DEPRECATED_OBJC_IMPLEMENTATIONS = YES;
				CLANG_WARN_DIRECT_OBJC_ISA_USAGE = YES_ERROR;
				CLANG_WARN_DOCUMENTATION_COMMENTS = YES;
				CLANG_WARN_EMPTY_BODY = YES;
				CLANG_WARN_ENUM_CONVERSION = YES;
				CLANG_WARN_INFINITE_RECURSION = YES;
				CLANG_WARN_INT_CONVERSION = YES;
				CLANG_WARN_NON_LITERAL_NULL_CONVERSION = YES;
				CLANG_WARN_OBJC_IMPLICIT_RETAIN_SELF = YES;
				CLANG_WARN_OBJC_LITERAL_CONVERSION = YES;
				CLANG_WARN_OBJC_ROOT_CLASS = YES_ERROR;
				CLANG_WARN_QUOTED_INCLUDE_IN_FRAMEWORK_HEADER = YES;
				CLANG_WARN_RANGE_LOOP_ANALYSIS = YES;
				CLANG_WARN_STRICT_PROTOTYPES = YES;
				CLANG_WARN_SUSPICIOUS_MOVE = YES;
				CLANG_WARN_UNGUARDED_AVAILABILITY = YES_AGGRESSIVE;
				CLANG_WARN_UNREACHABLE_CODE = YES;
				CLANG_WARN__DUPLICATE_METHOD_MATCH = YES;
				COPY_PHASE_STRIP = NO;
				DEBUG_INFORMATION_FORMAT = dwarf;
				ENABLE_STRICT_OBJC_MSGSEND = YES;
				ENABLE_TESTABILITY = YES;
				GCC_C_LANGUAGE_STANDARD = gnu11;
				GCC_DYNAMIC_NO_PIC = NO;
				GCC_NO_COMMON_BLOCKS = YES;
				GCC_OPTIMIZATION_LEVEL = 0;
				GCC_PREPROCESSOR_DEFINITIONS = (
					"DEBUG=1",
					"$(inherited)",
				);
				GCC_WARN_64_TO_32_BIT_CONVERSION = YES;
				GCC_WARN_ABOUT_RETURN_TYPE = YES_ERROR;
				GCC_WARN_UNDECLARED_SELECTOR = YES;
				GCC_WARN_UNINITIALIZED_AUTOS = YES_AGGRESSIVE;
				GCC_WARN_UNUSED_FUNCTION = YES;
				GCC_WARN_UNUSED_VARIABLE = YES;
				IPHONEOS_DEPLOYMENT_TARGET = 15.2;
				MTL_ENABLE_DEBUG_INFO = INCLUDE_SOURCE;
				MTL_FAST_MATH = YES;
				ONLY_ACTIVE_ARCH = YES;
				SDKROOT = iphoneos;
				SWIFT_ACTIVE_COMPILATION_CONDITIONS = DEBUG;
				SWIFT_OPTIMIZATION_LEVEL = "-Onone";
			};
			name = Debug;
		};
		57B64DB728ECC32D0061A9B0 /* Release */ = {
			isa = XCBuildConfiguration;
			buildSettings = {
				ALWAYS_SEARCH_USER_PATHS = NO;
				CLANG_ANALYZER_NONNULL = YES;
				CLANG_ANALYZER_NUMBER_OBJECT_CONVERSION = YES_AGGRESSIVE;
				CLANG_CXX_LANGUAGE_STANDARD = "gnu++17";
				CLANG_CXX_LIBRARY = "libc++";
				CLANG_ENABLE_MODULES = YES;
				CLANG_ENABLE_OBJC_ARC = YES;
				CLANG_ENABLE_OBJC_WEAK = YES;
				CLANG_WARN_BLOCK_CAPTURE_AUTORELEASING = YES;
				CLANG_WARN_BOOL_CONVERSION = YES;
				CLANG_WARN_COMMA = YES;
				CLANG_WARN_CONSTANT_CONVERSION = YES;
				CLANG_WARN_DEPRECATED_OBJC_IMPLEMENTATIONS = YES;
				CLANG_WARN_DIRECT_OBJC_ISA_USAGE = YES_ERROR;
				CLANG_WARN_DOCUMENTATION_COMMENTS = YES;
				CLANG_WARN_EMPTY_BODY = YES;
				CLANG_WARN_ENUM_CONVERSION = YES;
				CLANG_WARN_INFINITE_RECURSION = YES;
				CLANG_WARN_INT_CONVERSION = YES;
				CLANG_WARN_NON_LITERAL_NULL_CONVERSION = YES;
				CLANG_WARN_OBJC_IMPLICIT_RETAIN_SELF = YES;
				CLANG_WARN_OBJC_LITERAL_CONVERSION = YES;
				CLANG_WARN_OBJC_ROOT_CLASS = YES_ERROR;
				CLANG_WARN_QUOTED_INCLUDE_IN_FRAMEWORK_HEADER = YES;
				CLANG_WARN_RANGE_LOOP_ANALYSIS = YES;
				CLANG_WARN_STRICT_PROTOTYPES = YES;
				CLANG_WARN_SUSPICIOUS_MOVE = YES;
				CLANG_WARN_UNGUARDED_AVAILABILITY = YES_AGGRESSIVE;
				CLANG_WARN_UNREACHABLE_CODE = YES;
				CLANG_WARN__DUPLICATE_METHOD_MATCH = YES;
				COPY_PHASE_STRIP = NO;
				DEBUG_INFORMATION_FORMAT = "dwarf-with-dsym";
				ENABLE_NS_ASSERTIONS = NO;
				ENABLE_STRICT_OBJC_MSGSEND = YES;
				GCC_C_LANGUAGE_STANDARD = gnu11;
				GCC_NO_COMMON_BLOCKS = YES;
				GCC_WARN_64_TO_32_BIT_CONVERSION = YES;
				GCC_WARN_ABOUT_RETURN_TYPE = YES_ERROR;
				GCC_WARN_UNDECLARED_SELECTOR = YES;
				GCC_WARN_UNINITIALIZED_AUTOS = YES_AGGRESSIVE;
				GCC_WARN_UNUSED_FUNCTION = YES;
				GCC_WARN_UNUSED_VARIABLE = YES;
				IPHONEOS_DEPLOYMENT_TARGET = 15.2;
				MTL_ENABLE_DEBUG_INFO = NO;
				MTL_FAST_MATH = YES;
				SDKROOT = iphoneos;
				SWIFT_COMPILATION_MODE = wholemodule;
				SWIFT_OPTIMIZATION_LEVEL = "-O";
				VALIDATE_PRODUCT = YES;
			};
			name = Release;
		};
		57B64DB928ECC32D0061A9B0 /* Debug */ = {
			isa = XCBuildConfiguration;
			buildSettings = {
				ASSETCATALOG_COMPILER_APPICON_NAME = AppIcon;
				ASSETCATALOG_COMPILER_GLOBAL_ACCENT_COLOR_NAME = AccentColor;
				CODE_SIGN_STYLE = Automatic;
				CURRENT_PROJECT_VERSION = 1;
				DEVELOPMENT_TEAM = KXUSNVLP69;
				GENERATE_INFOPLIST_FILE = YES;
				INFOPLIST_FILE = "Desafio ViewCode/Info.plist";
				INFOPLIST_KEY_UIApplicationSupportsIndirectInputEvents = YES;
				INFOPLIST_KEY_UILaunchStoryboardName = LaunchScreen;
				INFOPLIST_KEY_UISupportedInterfaceOrientations_iPad = "UIInterfaceOrientationPortrait UIInterfaceOrientationPortraitUpsideDown UIInterfaceOrientationLandscapeLeft UIInterfaceOrientationLandscapeRight";
				INFOPLIST_KEY_UISupportedInterfaceOrientations_iPhone = "UIInterfaceOrientationPortrait UIInterfaceOrientationLandscapeLeft UIInterfaceOrientationLandscapeRight";
				LD_RUNPATH_SEARCH_PATHS = (
					"$(inherited)",
					"@executable_path/Frameworks",
				);
				MARKETING_VERSION = 1.0;
				PRODUCT_BUNDLE_IDENTIFIER = "rgirao.Desafio-ViewCode";
				PRODUCT_NAME = "$(TARGET_NAME)";
				SWIFT_EMIT_LOC_STRINGS = YES;
				SWIFT_VERSION = 5.0;
				TARGETED_DEVICE_FAMILY = "1,2";
			};
			name = Debug;
		};
		57B64DBA28ECC32D0061A9B0 /* Release */ = {
			isa = XCBuildConfiguration;
			buildSettings = {
				ASSETCATALOG_COMPILER_APPICON_NAME = AppIcon;
				ASSETCATALOG_COMPILER_GLOBAL_ACCENT_COLOR_NAME = AccentColor;
				CODE_SIGN_STYLE = Automatic;
				CURRENT_PROJECT_VERSION = 1;
				DEVELOPMENT_TEAM = KXUSNVLP69;
				GENERATE_INFOPLIST_FILE = YES;
				INFOPLIST_FILE = "Desafio ViewCode/Info.plist";
				INFOPLIST_KEY_UIApplicationSupportsIndirectInputEvents = YES;
				INFOPLIST_KEY_UILaunchStoryboardName = LaunchScreen;
				INFOPLIST_KEY_UISupportedInterfaceOrientations_iPad = "UIInterfaceOrientationPortrait UIInterfaceOrientationPortraitUpsideDown UIInterfaceOrientationLandscapeLeft UIInterfaceOrientationLandscapeRight";
				INFOPLIST_KEY_UISupportedInterfaceOrientations_iPhone = "UIInterfaceOrientationPortrait UIInterfaceOrientationLandscapeLeft UIInterfaceOrientationLandscapeRight";
				LD_RUNPATH_SEARCH_PATHS = (
					"$(inherited)",
					"@executable_path/Frameworks",
				);
				MARKETING_VERSION = 1.0;
				PRODUCT_BUNDLE_IDENTIFIER = "rgirao.Desafio-ViewCode";
				PRODUCT_NAME = "$(TARGET_NAME)";
				SWIFT_EMIT_LOC_STRINGS = YES;
				SWIFT_VERSION = 5.0;
				TARGETED_DEVICE_FAMILY = "1,2";
			};
			name = Release;
		};
/* End XCBuildConfiguration section */

/* Begin XCConfigurationList section */
		57B64D9F28ECC32A0061A9B0 /* Build configuration list for PBXProject "Desafio ViewCode" */ = {
			isa = XCConfigurationList;
			buildConfigurations = (
				57B64DB628ECC32D0061A9B0 /* Debug */,
				57B64DB728ECC32D0061A9B0 /* Release */,
			);
			defaultConfigurationIsVisible = 0;
			defaultConfigurationName = Release;
		};
		57B64DB828ECC32D0061A9B0 /* Build configuration list for PBXNativeTarget "Desafio ViewCode" */ = {
			isa = XCConfigurationList;
			buildConfigurations = (
				57B64DB928ECC32D0061A9B0 /* Debug */,
				57B64DBA28ECC32D0061A9B0 /* Release */,
			);
			defaultConfigurationIsVisible = 0;
			defaultConfigurationName = Release;
		};
/* End XCConfigurationList section */
	};
	rootObject = 57B64D9C28ECC32A0061A9B0 /* Project object */;
}
